
Microsoft Visual Studio Solution File, Format Version 12.00
# Visual Studio Version 17
VisualStudioVersion = 17.5.33502.453
MinimumVisualStudioVersion = 10.0.40219.1
Project("{FAE04EC0-301F-11D3-BF4B-00C04F79EFBC}") = "TelegramBot", "TelegramBot.csproj", "{AF4A7E27-F5DB-43A1-903F-8079BBD4C22B}"
EndProject
Global
	GlobalSection(SolutionConfigurationPlatforms) = preSolution
		Debug|Any CPU = Debug|Any CPU
		Release|Any CPU = Release|Any CPU
	EndGlobalSection
	GlobalSection(ProjectConfigurationPlatforms) = postSolution
		{AF4A7E27-F5DB-43A1-903F-8079BBD4C22B}.Debug|Any CPU.ActiveCfg = Debug|Any CPU
		{AF4A7E27-F5DB-43A1-903F-8079BBD4C22B}.Debug|Any CPU.Build.0 = Debug|Any CPU
		{AF4A7E27-F5DB-43A1-903F-8079BBD4C22B}.Release|Any CPU.ActiveCfg = Release|Any CPU
		{AF4A7E27-F5DB-43A1-903F-8079BBD4C22B}.Release|Any CPU.Build.0 = Release|Any CPU
	EndGlobalSection
	GlobalSection(SolutionProperties) = preSolution
		HideSolutionNode = FALSE
	EndGlobalSection
	GlobalSection(ExtensibilityGlobals) = postSolution
		SolutionGuid = {33AB1CF4-571A-4851-A552-BE5CB130E5B1}
	EndGlobalSection
EndGlobal
